
Microsoft Visual Studio Solution File, Format Version 12.00
# Visual Studio 2012
Project("{2150E333-8FDC-42A3-9474-1A3956D46DE8}") = "Contracts", "Contracts", "{C93460A7-C915-4467-9CC1-003558D2FBC5}"
EndProject
Project("{2150E333-8FDC-42A3-9474-1A3956D46DE8}") = "Services", "Services", "{6B3BEF06-66CA-464B-A3FF-BB8CD34BF352}"
EndProject
Project("{2150E333-8FDC-42A3-9474-1A3956D46DE8}") = "Logging", "Logging", "{838374C4-B789-4D11-A034-3D4CBC134F7D}"
EndProject
Project("{FAE04EC0-301F-11D3-BF4B-00C04F79EFBC}") = "SoCrm.Services.Logging.Contracts", "SoCrm.Services.Logging.Contracts\SoCrm.Services.Logging.Contracts.csproj", "{10282890-8F76-4AC9-A361-214535C47F0D}"
EndProject
Project("{FAE04EC0-301F-11D3-BF4B-00C04F79EFBC}") = "SoCrm.Services.Logging.Provider", "SoCrm.Services.Logging.Provider\SoCrm.Services.Logging.Provider.csproj", "{9E05D837-AB23-44D9-8F89-631F2C2BBBD2}"
	ProjectSection(ProjectDependencies) = postProject
		{BDDA109D-0222-45BD-87C3-BB9B939AED89} = {BDDA109D-0222-45BD-87C3-BB9B939AED89}
	EndProjectSection
EndProject
Project("{FAE04EC0-301F-11D3-BF4B-00C04F79EFBC}") = "SoCrm.Contracts", "SoCrm.Contracts\SoCrm.Contracts.csproj", "{F8479AFC-CBFF-4564-B587-6F47826D846D}"
EndProject
Project("{2150E333-8FDC-42A3-9474-1A3956D46DE8}") = "Infrastructure", "Infrastructure", "{63997FB7-AFB6-4C51-9C52-B215DDB48196}"
EndProject
Project("{2150E333-8FDC-42A3-9474-1A3956D46DE8}") = "Persistence", "Persistence", "{B46926A9-E86C-41E6-B488-F117261E2BE9}"
EndProject
Project("{FAE04EC0-301F-11D3-BF4B-00C04F79EFBC}") = "SoCrm.Infrastructure.Persistence.Contracts", "SoCrm.Infrastructure.Persistence.Contracts\SoCrm.Infrastructure.Persistence.Contracts.csproj", "{4CC4504B-15B7-4BB0-9744-87A2D429D451}"
EndProject
Project("{FAE04EC0-301F-11D3-BF4B-00C04F79EFBC}") = "SoCrm.Infrastructure.Persistence.EntityFramework.Provider", "SoCrm.Infrastructure.Persistence.EntityFramework.Provider\SoCrm.Infrastructure.Persistence.EntityFramework.Provider.csproj", "{BDDA109D-0222-45BD-87C3-BB9B939AED89}"
EndProject
Project("{2150E333-8FDC-42A3-9474-1A3956D46DE8}") = "Test", "Test", "{2CADDE14-E1CF-43EE-8833-B5B061C0A609}"
EndProject
Project("{FAE04EC0-301F-11D3-BF4B-00C04F79EFBC}") = "SoCrm.Test.WpfClient", "SoCrm.Test.WpfClient\SoCrm.Test.WpfClient.csproj", "{A52FEC95-4B43-44AD-AF34-16B596986F38}"
	ProjectSection(ProjectDependencies) = postProject
		{9E05D837-AB23-44D9-8F89-631F2C2BBBD2} = {9E05D837-AB23-44D9-8F89-631F2C2BBBD2}
	EndProjectSection
EndProject
Global
	GlobalSection(SolutionConfigurationPlatforms) = preSolution
		Debug|Any CPU = Debug|Any CPU
		Release|Any CPU = Release|Any CPU
	EndGlobalSection
	GlobalSection(ProjectConfigurationPlatforms) = postSolution
		{10282890-8F76-4AC9-A361-214535C47F0D}.Debug|Any CPU.ActiveCfg = Debug|Any CPU
		{10282890-8F76-4AC9-A361-214535C47F0D}.Debug|Any CPU.Build.0 = Debug|Any CPU
		{10282890-8F76-4AC9-A361-214535C47F0D}.Release|Any CPU.ActiveCfg = Release|Any CPU
		{10282890-8F76-4AC9-A361-214535C47F0D}.Release|Any CPU.Build.0 = Release|Any CPU
		{9E05D837-AB23-44D9-8F89-631F2C2BBBD2}.Debug|Any CPU.ActiveCfg = Debug|Any CPU
		{9E05D837-AB23-44D9-8F89-631F2C2BBBD2}.Debug|Any CPU.Build.0 = Debug|Any CPU
		{9E05D837-AB23-44D9-8F89-631F2C2BBBD2}.Release|Any CPU.ActiveCfg = Release|Any CPU
		{9E05D837-AB23-44D9-8F89-631F2C2BBBD2}.Release|Any CPU.Build.0 = Release|Any CPU
		{F8479AFC-CBFF-4564-B587-6F47826D846D}.Debug|Any CPU.ActiveCfg = Debug|Any CPU
		{F8479AFC-CBFF-4564-B587-6F47826D846D}.Debug|Any CPU.Build.0 = Debug|Any CPU
		{F8479AFC-CBFF-4564-B587-6F47826D846D}.Release|Any CPU.ActiveCfg = Release|Any CPU
		{F8479AFC-CBFF-4564-B587-6F47826D846D}.Release|Any CPU.Build.0 = Release|Any CPU
		{4CC4504B-15B7-4BB0-9744-87A2D429D451}.Debug|Any CPU.ActiveCfg = Debug|Any CPU
		{4CC4504B-15B7-4BB0-9744-87A2D429D451}.Debug|Any CPU.Build.0 = Debug|Any CPU
		{4CC4504B-15B7-4BB0-9744-87A2D429D451}.Release|Any CPU.ActiveCfg = Release|Any CPU
		{4CC4504B-15B7-4BB0-9744-87A2D429D451}.Release|Any CPU.Build.0 = Release|Any CPU
		{BDDA109D-0222-45BD-87C3-BB9B939AED89}.Debug|Any CPU.ActiveCfg = Debug|Any CPU
		{BDDA109D-0222-45BD-87C3-BB9B939AED89}.Debug|Any CPU.Build.0 = Debug|Any CPU
		{BDDA109D-0222-45BD-87C3-BB9B939AED89}.Release|Any CPU.ActiveCfg = Release|Any CPU
		{BDDA109D-0222-45BD-87C3-BB9B939AED89}.Release|Any CPU.Build.0 = Release|Any CPU
		{A52FEC95-4B43-44AD-AF34-16B596986F38}.Debug|Any CPU.ActiveCfg = Debug|Any CPU
		{A52FEC95-4B43-44AD-AF34-16B596986F38}.Debug|Any CPU.Build.0 = Debug|Any CPU
		{A52FEC95-4B43-44AD-AF34-16B596986F38}.Release|Any CPU.ActiveCfg = Release|Any CPU
		{A52FEC95-4B43-44AD-AF34-16B596986F38}.Release|Any CPU.Build.0 = Release|Any CPU
	EndGlobalSection
	GlobalSection(SolutionProperties) = preSolution
		HideSolutionNode = FALSE
	EndGlobalSection
	GlobalSection(NestedProjects) = preSolution
		{F8479AFC-CBFF-4564-B587-6F47826D846D} = {C93460A7-C915-4467-9CC1-003558D2FBC5}
		{838374C4-B789-4D11-A034-3D4CBC134F7D} = {6B3BEF06-66CA-464B-A3FF-BB8CD34BF352}
		{10282890-8F76-4AC9-A361-214535C47F0D} = {838374C4-B789-4D11-A034-3D4CBC134F7D}
		{9E05D837-AB23-44D9-8F89-631F2C2BBBD2} = {838374C4-B789-4D11-A034-3D4CBC134F7D}
		{B46926A9-E86C-41E6-B488-F117261E2BE9} = {63997FB7-AFB6-4C51-9C52-B215DDB48196}
		{4CC4504B-15B7-4BB0-9744-87A2D429D451} = {B46926A9-E86C-41E6-B488-F117261E2BE9}
		{BDDA109D-0222-45BD-87C3-BB9B939AED89} = {B46926A9-E86C-41E6-B488-F117261E2BE9}
		{A52FEC95-4B43-44AD-AF34-16B596986F38} = {2CADDE14-E1CF-43EE-8833-B5B061C0A609}
	EndGlobalSection
EndGlobal
