
Microsoft Visual Studio Solution File, Format Version 12.00
# Visual Studio 2012
Project("{2150E333-8FDC-42A3-9474-1A3956D46DE8}") = "Core", "Core", "{C93460A7-C915-4467-9CC1-003558D2FBC5}"
EndProject
Project("{2150E333-8FDC-42A3-9474-1A3956D46DE8}") = "Services", "Services", "{6B3BEF06-66CA-464B-A3FF-BB8CD34BF352}"
EndProject
Project("{2150E333-8FDC-42A3-9474-1A3956D46DE8}") = "Logging", "Logging", "{838374C4-B789-4D11-A034-3D4CBC134F7D}"
EndProject
Project("{FAE04EC0-301F-11D3-BF4B-00C04F79EFBC}") = "SoCrm.Services.Logging.Contracts", "SoCrm.Services.Logging.Contracts\SoCrm.Services.Logging.Contracts.csproj", "{10282890-8F76-4AC9-A361-214535C47F0D}"
EndProject
Project("{FAE04EC0-301F-11D3-BF4B-00C04F79EFBC}") = "SoCrm.Services.Logging.Provider", "SoCrm.Services.Logging.Provider\SoCrm.Services.Logging.Provider.csproj", "{9E05D837-AB23-44D9-8F89-631F2C2BBBD2}"
	ProjectSection(ProjectDependencies) = postProject
		{BDDA109D-0222-45BD-87C3-BB9B939AED89} = {BDDA109D-0222-45BD-87C3-BB9B939AED89}
	EndProjectSection
EndProject
Project("{FAE04EC0-301F-11D3-BF4B-00C04F79EFBC}") = "SoCrm.Core.Contracts", "SoCrm.Core.Contracts\SoCrm.Core.Contracts.csproj", "{F8479AFC-CBFF-4564-B587-6F47826D846D}"
EndProject
Project("{2150E333-8FDC-42A3-9474-1A3956D46DE8}") = "Infrastructure", "Infrastructure", "{63997FB7-AFB6-4C51-9C52-B215DDB48196}"
EndProject
Project("{2150E333-8FDC-42A3-9474-1A3956D46DE8}") = "Persistence", "Persistence", "{B46926A9-E86C-41E6-B488-F117261E2BE9}"
EndProject
Project("{FAE04EC0-301F-11D3-BF4B-00C04F79EFBC}") = "SoCrm.Infrastructure.Persistence.Contracts", "SoCrm.Infrastructure.Persistence.Contracts\SoCrm.Infrastructure.Persistence.Contracts.csproj", "{4CC4504B-15B7-4BB0-9744-87A2D429D451}"
EndProject
Project("{FAE04EC0-301F-11D3-BF4B-00C04F79EFBC}") = "SoCrm.Infrastructure.Persistence.EntityFramework", "SoCrm.Infrastructure.Persistence.EntityFramework\SoCrm.Infrastructure.Persistence.EntityFramework.csproj", "{BDDA109D-0222-45BD-87C3-BB9B939AED89}"
EndProject
Project("{2150E333-8FDC-42A3-9474-1A3956D46DE8}") = "Customers", "Customers", "{BCD9FDF6-293C-40E9-B469-650A2FA62B12}"
EndProject
Project("{FAE04EC0-301F-11D3-BF4B-00C04F79EFBC}") = "SoCrm.Services.Customers.Contracts", "SoCrm.Services.Customers.Contracts\SoCrm.Services.Customers.Contracts.csproj", "{603A6FB9-68D4-4E0F-8DE4-E3EDA93E3735}"
EndProject
Project("{FAE04EC0-301F-11D3-BF4B-00C04F79EFBC}") = "SoCrm.Services.Customers.Provider", "SoCrm.Services.Customers.Provider\SoCrm.Services.Customers.Provider.csproj", "{A80D72DD-65ED-4E97-A6C8-BF700F439212}"
	ProjectSection(ProjectDependencies) = postProject
		{BDDA109D-0222-45BD-87C3-BB9B939AED89} = {BDDA109D-0222-45BD-87C3-BB9B939AED89}
	EndProjectSection
EndProject
Project("{2150E333-8FDC-42A3-9474-1A3956D46DE8}") = "Security", "Security", "{BB8A883F-2E7A-42BB-99BE-D7DABA30552F}"
EndProject
Project("{FAE04EC0-301F-11D3-BF4B-00C04F79EFBC}") = "SoCrm.Services.Security.Contracts", "SoCrm.Services.Security.Contracts\SoCrm.Services.Security.Contracts.csproj", "{E13A6892-4D57-4A2A-8670-7B0D105018DC}"
EndProject
Project("{FAE04EC0-301F-11D3-BF4B-00C04F79EFBC}") = "SoCrm.Services.Security.Provider", "SoCrm.Services.Security.Provider\SoCrm.Services.Security.Provider.csproj", "{882E2721-F229-46E9-8EFD-B4ADA83B6D3B}"
	ProjectSection(ProjectDependencies) = postProject
		{BDDA109D-0222-45BD-87C3-BB9B939AED89} = {BDDA109D-0222-45BD-87C3-BB9B939AED89}
	EndProjectSection
EndProject
Project("{2150E333-8FDC-42A3-9474-1A3956D46DE8}") = "Contacts", "Contacts", "{22A2F250-2689-4648-B629-FB5DCD36AC53}"
EndProject
Project("{FAE04EC0-301F-11D3-BF4B-00C04F79EFBC}") = "SoCrm.Services.Contacts.Contracts", "SoCrm.Services.Contacts.Contracts\SoCrm.Services.Contacts.Contracts.csproj", "{4E381201-4B81-4BC3-A553-318017C21622}"
EndProject
Project("{FAE04EC0-301F-11D3-BF4B-00C04F79EFBC}") = "SoCrm.Services.Contacts.Provider", "SoCrm.Services.Contacts.Provider\SoCrm.Services.Contacts.Provider.csproj", "{379D8CD9-6AD5-46B4-842B-02ABB5172B23}"
	ProjectSection(ProjectDependencies) = postProject
		{BDDA109D-0222-45BD-87C3-BB9B939AED89} = {BDDA109D-0222-45BD-87C3-BB9B939AED89}
	EndProjectSection
EndProject
Project("{2150E333-8FDC-42A3-9474-1A3956D46DE8}") = "Presentation", "Presentation", "{CD6DBB2E-D2A3-4F7E-9854-4EE61C8A9897}"
EndProject
Project("{FAE04EC0-301F-11D3-BF4B-00C04F79EFBC}") = "SoCrm.Presentation.App", "SoCrm.Presentation.App\SoCrm.Presentation.App.csproj", "{2BBD3B48-C570-412E-9EB6-4D269535E6D5}"
	ProjectSection(ProjectDependencies) = postProject
		{882E2721-F229-46E9-8EFD-B4ADA83B6D3B} = {882E2721-F229-46E9-8EFD-B4ADA83B6D3B}
	EndProjectSection
EndProject
Project("{FAE04EC0-301F-11D3-BF4B-00C04F79EFBC}") = "SoCrm.Presentation.Core", "SoCrm.Presentation.Core\SoCrm.Presentation.Core.csproj", "{C5E4F41D-B81E-4E3B-A955-8477306E2A4C}"
EndProject
Project("{FAE04EC0-301F-11D3-BF4B-00C04F79EFBC}") = "SoCrm.Presentation.Security", "SoCrm.Presentation.Security\SoCrm.Presentation.Security.csproj", "{B640BF52-3CFE-4217-8955-59D87B02F586}"
	ProjectSection(ProjectDependencies) = postProject
		{882E2721-F229-46E9-8EFD-B4ADA83B6D3B} = {882E2721-F229-46E9-8EFD-B4ADA83B6D3B}
	EndProjectSection
EndProject
Project("{FAE04EC0-301F-11D3-BF4B-00C04F79EFBC}") = "SoCrm.Presentation.Customers", "SoCrm.Presentation.Customers\SoCrm.Presentation.Customers.csproj", "{4FF52647-3602-4273-825A-A32A99BFDE90}"
	ProjectSection(ProjectDependencies) = postProject
		{A80D72DD-65ED-4E97-A6C8-BF700F439212} = {A80D72DD-65ED-4E97-A6C8-BF700F439212}
	EndProjectSection
EndProject
Project("{FAE04EC0-301F-11D3-BF4B-00C04F79EFBC}") = "SoCrm.Presentation.Contacts", "SoCrm.Presentation.Contacts\SoCrm.Presentation.Contacts.csproj", "{0B24AB02-CF3B-4E84-827A-DF5869AABD62}"
	ProjectSection(ProjectDependencies) = postProject
		{379D8CD9-6AD5-46B4-842B-02ABB5172B23} = {379D8CD9-6AD5-46B4-842B-02ABB5172B23}
		{A80D72DD-65ED-4E97-A6C8-BF700F439212} = {A80D72DD-65ED-4E97-A6C8-BF700F439212}
	EndProjectSection
EndProject
Project("{FAE04EC0-301F-11D3-BF4B-00C04F79EFBC}") = "SoCrm.Infrastructure.Persistence.Dapper", "SoCrm.Infrastructure.Persistence.Dapper\SoCrm.Infrastructure.Persistence.Dapper.csproj", "{A161D65C-E429-4535-BF93-61E77D15EE6E}"
EndProject
Project("{FAE04EC0-301F-11D3-BF4B-00C04F79EFBC}") = "SoCrm.Infrastructure.Persistence.NHibernate", "SoCrm.Infrastructure.Persistence.NHibernate\SoCrm.Infrastructure.Persistence.NHibernate.csproj", "{2E7D8824-609F-4D69-8A6D-1C3EB4481B49}"
EndProject
Project("{2150E333-8FDC-42A3-9474-1A3956D46DE8}") = "Tests", "Tests", "{8A2C321B-15AD-4421-846E-730377E2EB05}"
EndProject
Project("{FAE04EC0-301F-11D3-BF4B-00C04F79EFBC}") = "SoCrm.Core.Contracts.Tests", "Tests\SoCrm.Core.Contracts.Tests\SoCrm.Core.Contracts.Tests.csproj", "{793F137A-9963-4825-BE8C-39E50F9A9629}"
EndProject
Project("{FAE04EC0-301F-11D3-BF4B-00C04F79EFBC}") = "SoCrm.Services.Contacts.Contracts.Tests", "Tests\SoCrm.Services.Contacts.Contracts.Tests\SoCrm.Services.Contacts.Contracts.Tests.csproj", "{AB3F75AE-361F-46BA-A59D-B603E816AB13}"
EndProject
Project("{FAE04EC0-301F-11D3-BF4B-00C04F79EFBC}") = "SoCrm.Tests.Common", "Tests\SoCrm.Tests.Common\SoCrm.Tests.Common.csproj", "{8C3FABAE-1888-4F1A-A4E2-0A89644A2866}"
EndProject
Project("{FAE04EC0-301F-11D3-BF4B-00C04F79EFBC}") = "SoCrm.Services.Contacts.Provider.Tests", "Tests\SoCrm.Services.Contacts.Provider.Tests\SoCrm.Services.Contacts.Provider.Tests.csproj", "{D73234BC-A3ED-408D-93BC-D8D08DE9C6C3}"
EndProject
Project("{FAE04EC0-301F-11D3-BF4B-00C04F79EFBC}") = "SoCrm.Services.Customers.Contracts.Tests", "Tests\SoCrm.Services.Customers.Contracts.Tests\SoCrm.Services.Customers.Contracts.Tests.csproj", "{FC3D5390-7D50-43EF-A17D-B921CED4A36A}"
EndProject
Project("{FAE04EC0-301F-11D3-BF4B-00C04F79EFBC}") = "SoCrm.Services.Logging.Contracts.Tests", "Tests\SoCrm.Services.Logging.Contracts.Tests\SoCrm.Services.Logging.Contracts.Tests.csproj", "{A47549B9-6C11-41F6-8BCF-251CBF51E609}"
EndProject
Project("{FAE04EC0-301F-11D3-BF4B-00C04F79EFBC}") = "SoCrm.Services.Security.Contracts.Tests", "Tests\SoCrm.Services.Security.Contracts.Tests\SoCrm.Services.Security.Contracts.Tests.csproj", "{220B7AE4-6883-4DDA-83A5-5E72271EB5E8}"
EndProject
Project("{FAE04EC0-301F-11D3-BF4B-00C04F79EFBC}") = "SoCrm.Core.Services", "SoCrm.Core.Services\SoCrm.Core.Services.csproj", "{234A3C6B-D4B0-4206-BBB4-69ED99A82C50}"
EndProject
Project("{FAE04EC0-301F-11D3-BF4B-00C04F79EFBC}") = "SoCrm.Services.Security.Provider.Tests", "Tests\SoCrm.Services.Security.Provider.Tests\SoCrm.Services.Security.Provider.Tests.csproj", "{67EC5385-24CC-4451-9410-CDB2C9007C87}"
EndProject
Global
	GlobalSection(SolutionConfigurationPlatforms) = preSolution
		Debug|Any CPU = Debug|Any CPU
		Release|Any CPU = Release|Any CPU
	EndGlobalSection
	GlobalSection(ProjectConfigurationPlatforms) = postSolution
		{10282890-8F76-4AC9-A361-214535C47F0D}.Debug|Any CPU.ActiveCfg = Debug|Any CPU
		{10282890-8F76-4AC9-A361-214535C47F0D}.Debug|Any CPU.Build.0 = Debug|Any CPU
		{10282890-8F76-4AC9-A361-214535C47F0D}.Release|Any CPU.ActiveCfg = Release|Any CPU
		{10282890-8F76-4AC9-A361-214535C47F0D}.Release|Any CPU.Build.0 = Release|Any CPU
		{9E05D837-AB23-44D9-8F89-631F2C2BBBD2}.Debug|Any CPU.ActiveCfg = Debug|Any CPU
		{9E05D837-AB23-44D9-8F89-631F2C2BBBD2}.Debug|Any CPU.Build.0 = Debug|Any CPU
		{9E05D837-AB23-44D9-8F89-631F2C2BBBD2}.Release|Any CPU.ActiveCfg = Release|Any CPU
		{9E05D837-AB23-44D9-8F89-631F2C2BBBD2}.Release|Any CPU.Build.0 = Release|Any CPU
		{F8479AFC-CBFF-4564-B587-6F47826D846D}.Debug|Any CPU.ActiveCfg = Debug|Any CPU
		{F8479AFC-CBFF-4564-B587-6F47826D846D}.Debug|Any CPU.Build.0 = Debug|Any CPU
		{F8479AFC-CBFF-4564-B587-6F47826D846D}.Release|Any CPU.ActiveCfg = Release|Any CPU
		{F8479AFC-CBFF-4564-B587-6F47826D846D}.Release|Any CPU.Build.0 = Release|Any CPU
		{4CC4504B-15B7-4BB0-9744-87A2D429D451}.Debug|Any CPU.ActiveCfg = Debug|Any CPU
		{4CC4504B-15B7-4BB0-9744-87A2D429D451}.Debug|Any CPU.Build.0 = Debug|Any CPU
		{4CC4504B-15B7-4BB0-9744-87A2D429D451}.Release|Any CPU.ActiveCfg = Release|Any CPU
		{4CC4504B-15B7-4BB0-9744-87A2D429D451}.Release|Any CPU.Build.0 = Release|Any CPU
		{BDDA109D-0222-45BD-87C3-BB9B939AED89}.Debug|Any CPU.ActiveCfg = Debug|Any CPU
		{BDDA109D-0222-45BD-87C3-BB9B939AED89}.Debug|Any CPU.Build.0 = Debug|Any CPU
		{BDDA109D-0222-45BD-87C3-BB9B939AED89}.Release|Any CPU.ActiveCfg = Release|Any CPU
		{BDDA109D-0222-45BD-87C3-BB9B939AED89}.Release|Any CPU.Build.0 = Release|Any CPU
		{603A6FB9-68D4-4E0F-8DE4-E3EDA93E3735}.Debug|Any CPU.ActiveCfg = Debug|Any CPU
		{603A6FB9-68D4-4E0F-8DE4-E3EDA93E3735}.Debug|Any CPU.Build.0 = Debug|Any CPU
		{603A6FB9-68D4-4E0F-8DE4-E3EDA93E3735}.Release|Any CPU.ActiveCfg = Release|Any CPU
		{603A6FB9-68D4-4E0F-8DE4-E3EDA93E3735}.Release|Any CPU.Build.0 = Release|Any CPU
		{A80D72DD-65ED-4E97-A6C8-BF700F439212}.Debug|Any CPU.ActiveCfg = Debug|Any CPU
		{A80D72DD-65ED-4E97-A6C8-BF700F439212}.Debug|Any CPU.Build.0 = Debug|Any CPU
		{A80D72DD-65ED-4E97-A6C8-BF700F439212}.Release|Any CPU.ActiveCfg = Release|Any CPU
		{A80D72DD-65ED-4E97-A6C8-BF700F439212}.Release|Any CPU.Build.0 = Release|Any CPU
		{E13A6892-4D57-4A2A-8670-7B0D105018DC}.Debug|Any CPU.ActiveCfg = Debug|Any CPU
		{E13A6892-4D57-4A2A-8670-7B0D105018DC}.Debug|Any CPU.Build.0 = Debug|Any CPU
		{E13A6892-4D57-4A2A-8670-7B0D105018DC}.Release|Any CPU.ActiveCfg = Release|Any CPU
		{E13A6892-4D57-4A2A-8670-7B0D105018DC}.Release|Any CPU.Build.0 = Release|Any CPU
		{882E2721-F229-46E9-8EFD-B4ADA83B6D3B}.Debug|Any CPU.ActiveCfg = Debug|Any CPU
		{882E2721-F229-46E9-8EFD-B4ADA83B6D3B}.Debug|Any CPU.Build.0 = Debug|Any CPU
		{882E2721-F229-46E9-8EFD-B4ADA83B6D3B}.Release|Any CPU.ActiveCfg = Release|Any CPU
		{882E2721-F229-46E9-8EFD-B4ADA83B6D3B}.Release|Any CPU.Build.0 = Release|Any CPU
		{4E381201-4B81-4BC3-A553-318017C21622}.Debug|Any CPU.ActiveCfg = Debug|Any CPU
		{4E381201-4B81-4BC3-A553-318017C21622}.Debug|Any CPU.Build.0 = Debug|Any CPU
		{4E381201-4B81-4BC3-A553-318017C21622}.Release|Any CPU.ActiveCfg = Release|Any CPU
		{4E381201-4B81-4BC3-A553-318017C21622}.Release|Any CPU.Build.0 = Release|Any CPU
		{379D8CD9-6AD5-46B4-842B-02ABB5172B23}.Debug|Any CPU.ActiveCfg = Debug|Any CPU
		{379D8CD9-6AD5-46B4-842B-02ABB5172B23}.Debug|Any CPU.Build.0 = Debug|Any CPU
		{379D8CD9-6AD5-46B4-842B-02ABB5172B23}.Release|Any CPU.ActiveCfg = Release|Any CPU
		{379D8CD9-6AD5-46B4-842B-02ABB5172B23}.Release|Any CPU.Build.0 = Release|Any CPU
		{2BBD3B48-C570-412E-9EB6-4D269535E6D5}.Debug|Any CPU.ActiveCfg = Debug|Any CPU
		{2BBD3B48-C570-412E-9EB6-4D269535E6D5}.Debug|Any CPU.Build.0 = Debug|Any CPU
		{2BBD3B48-C570-412E-9EB6-4D269535E6D5}.Release|Any CPU.ActiveCfg = Release|Any CPU
		{2BBD3B48-C570-412E-9EB6-4D269535E6D5}.Release|Any CPU.Build.0 = Release|Any CPU
		{C5E4F41D-B81E-4E3B-A955-8477306E2A4C}.Debug|Any CPU.ActiveCfg = Debug|Any CPU
		{C5E4F41D-B81E-4E3B-A955-8477306E2A4C}.Debug|Any CPU.Build.0 = Debug|Any CPU
		{C5E4F41D-B81E-4E3B-A955-8477306E2A4C}.Release|Any CPU.ActiveCfg = Release|Any CPU
		{C5E4F41D-B81E-4E3B-A955-8477306E2A4C}.Release|Any CPU.Build.0 = Release|Any CPU
		{B640BF52-3CFE-4217-8955-59D87B02F586}.Debug|Any CPU.ActiveCfg = Debug|Any CPU
		{B640BF52-3CFE-4217-8955-59D87B02F586}.Debug|Any CPU.Build.0 = Debug|Any CPU
		{B640BF52-3CFE-4217-8955-59D87B02F586}.Release|Any CPU.ActiveCfg = Release|Any CPU
		{B640BF52-3CFE-4217-8955-59D87B02F586}.Release|Any CPU.Build.0 = Release|Any CPU
		{4FF52647-3602-4273-825A-A32A99BFDE90}.Debug|Any CPU.ActiveCfg = Debug|Any CPU
		{4FF52647-3602-4273-825A-A32A99BFDE90}.Debug|Any CPU.Build.0 = Debug|Any CPU
		{4FF52647-3602-4273-825A-A32A99BFDE90}.Release|Any CPU.ActiveCfg = Release|Any CPU
		{4FF52647-3602-4273-825A-A32A99BFDE90}.Release|Any CPU.Build.0 = Release|Any CPU
		{0B24AB02-CF3B-4E84-827A-DF5869AABD62}.Debug|Any CPU.ActiveCfg = Debug|Any CPU
		{0B24AB02-CF3B-4E84-827A-DF5869AABD62}.Debug|Any CPU.Build.0 = Debug|Any CPU
		{0B24AB02-CF3B-4E84-827A-DF5869AABD62}.Release|Any CPU.ActiveCfg = Release|Any CPU
		{0B24AB02-CF3B-4E84-827A-DF5869AABD62}.Release|Any CPU.Build.0 = Release|Any CPU
		{A161D65C-E429-4535-BF93-61E77D15EE6E}.Debug|Any CPU.ActiveCfg = Debug|Any CPU
		{A161D65C-E429-4535-BF93-61E77D15EE6E}.Debug|Any CPU.Build.0 = Debug|Any CPU
		{A161D65C-E429-4535-BF93-61E77D15EE6E}.Release|Any CPU.ActiveCfg = Release|Any CPU
		{A161D65C-E429-4535-BF93-61E77D15EE6E}.Release|Any CPU.Build.0 = Release|Any CPU
		{2E7D8824-609F-4D69-8A6D-1C3EB4481B49}.Debug|Any CPU.ActiveCfg = Debug|Any CPU
		{2E7D8824-609F-4D69-8A6D-1C3EB4481B49}.Debug|Any CPU.Build.0 = Debug|Any CPU
		{2E7D8824-609F-4D69-8A6D-1C3EB4481B49}.Release|Any CPU.ActiveCfg = Release|Any CPU
		{2E7D8824-609F-4D69-8A6D-1C3EB4481B49}.Release|Any CPU.Build.0 = Release|Any CPU
		{793F137A-9963-4825-BE8C-39E50F9A9629}.Debug|Any CPU.ActiveCfg = Debug|Any CPU
		{793F137A-9963-4825-BE8C-39E50F9A9629}.Debug|Any CPU.Build.0 = Debug|Any CPU
		{793F137A-9963-4825-BE8C-39E50F9A9629}.Release|Any CPU.ActiveCfg = Release|Any CPU
		{793F137A-9963-4825-BE8C-39E50F9A9629}.Release|Any CPU.Build.0 = Release|Any CPU
		{AB3F75AE-361F-46BA-A59D-B603E816AB13}.Debug|Any CPU.ActiveCfg = Debug|Any CPU
		{AB3F75AE-361F-46BA-A59D-B603E816AB13}.Debug|Any CPU.Build.0 = Debug|Any CPU
		{AB3F75AE-361F-46BA-A59D-B603E816AB13}.Release|Any CPU.ActiveCfg = Release|Any CPU
		{AB3F75AE-361F-46BA-A59D-B603E816AB13}.Release|Any CPU.Build.0 = Release|Any CPU
		{8C3FABAE-1888-4F1A-A4E2-0A89644A2866}.Debug|Any CPU.ActiveCfg = Debug|Any CPU
		{8C3FABAE-1888-4F1A-A4E2-0A89644A2866}.Debug|Any CPU.Build.0 = Debug|Any CPU
		{8C3FABAE-1888-4F1A-A4E2-0A89644A2866}.Release|Any CPU.ActiveCfg = Release|Any CPU
		{8C3FABAE-1888-4F1A-A4E2-0A89644A2866}.Release|Any CPU.Build.0 = Release|Any CPU
		{D73234BC-A3ED-408D-93BC-D8D08DE9C6C3}.Debug|Any CPU.ActiveCfg = Debug|Any CPU
		{D73234BC-A3ED-408D-93BC-D8D08DE9C6C3}.Debug|Any CPU.Build.0 = Debug|Any CPU
		{D73234BC-A3ED-408D-93BC-D8D08DE9C6C3}.Release|Any CPU.ActiveCfg = Release|Any CPU
		{D73234BC-A3ED-408D-93BC-D8D08DE9C6C3}.Release|Any CPU.Build.0 = Release|Any CPU
		{FC3D5390-7D50-43EF-A17D-B921CED4A36A}.Debug|Any CPU.ActiveCfg = Debug|Any CPU
		{FC3D5390-7D50-43EF-A17D-B921CED4A36A}.Debug|Any CPU.Build.0 = Debug|Any CPU
		{FC3D5390-7D50-43EF-A17D-B921CED4A36A}.Release|Any CPU.ActiveCfg = Release|Any CPU
		{FC3D5390-7D50-43EF-A17D-B921CED4A36A}.Release|Any CPU.Build.0 = Release|Any CPU
		{A47549B9-6C11-41F6-8BCF-251CBF51E609}.Debug|Any CPU.ActiveCfg = Debug|Any CPU
		{A47549B9-6C11-41F6-8BCF-251CBF51E609}.Debug|Any CPU.Build.0 = Debug|Any CPU
		{A47549B9-6C11-41F6-8BCF-251CBF51E609}.Release|Any CPU.ActiveCfg = Release|Any CPU
		{A47549B9-6C11-41F6-8BCF-251CBF51E609}.Release|Any CPU.Build.0 = Release|Any CPU
		{220B7AE4-6883-4DDA-83A5-5E72271EB5E8}.Debug|Any CPU.ActiveCfg = Debug|Any CPU
		{220B7AE4-6883-4DDA-83A5-5E72271EB5E8}.Debug|Any CPU.Build.0 = Debug|Any CPU
		{220B7AE4-6883-4DDA-83A5-5E72271EB5E8}.Release|Any CPU.ActiveCfg = Release|Any CPU
		{220B7AE4-6883-4DDA-83A5-5E72271EB5E8}.Release|Any CPU.Build.0 = Release|Any CPU
		{234A3C6B-D4B0-4206-BBB4-69ED99A82C50}.Debug|Any CPU.ActiveCfg = Debug|Any CPU
		{234A3C6B-D4B0-4206-BBB4-69ED99A82C50}.Debug|Any CPU.Build.0 = Debug|Any CPU
		{234A3C6B-D4B0-4206-BBB4-69ED99A82C50}.Release|Any CPU.ActiveCfg = Release|Any CPU
		{234A3C6B-D4B0-4206-BBB4-69ED99A82C50}.Release|Any CPU.Build.0 = Release|Any CPU
		{67EC5385-24CC-4451-9410-CDB2C9007C87}.Debug|Any CPU.ActiveCfg = Debug|Any CPU
		{67EC5385-24CC-4451-9410-CDB2C9007C87}.Debug|Any CPU.Build.0 = Debug|Any CPU
		{67EC5385-24CC-4451-9410-CDB2C9007C87}.Release|Any CPU.ActiveCfg = Release|Any CPU
		{67EC5385-24CC-4451-9410-CDB2C9007C87}.Release|Any CPU.Build.0 = Release|Any CPU
	EndGlobalSection
	GlobalSection(SolutionProperties) = preSolution
		HideSolutionNode = FALSE
	EndGlobalSection
	GlobalSection(NestedProjects) = preSolution
		{F8479AFC-CBFF-4564-B587-6F47826D846D} = {C93460A7-C915-4467-9CC1-003558D2FBC5}
		{234A3C6B-D4B0-4206-BBB4-69ED99A82C50} = {C93460A7-C915-4467-9CC1-003558D2FBC5}
		{838374C4-B789-4D11-A034-3D4CBC134F7D} = {6B3BEF06-66CA-464B-A3FF-BB8CD34BF352}
		{BCD9FDF6-293C-40E9-B469-650A2FA62B12} = {6B3BEF06-66CA-464B-A3FF-BB8CD34BF352}
		{BB8A883F-2E7A-42BB-99BE-D7DABA30552F} = {6B3BEF06-66CA-464B-A3FF-BB8CD34BF352}
		{22A2F250-2689-4648-B629-FB5DCD36AC53} = {6B3BEF06-66CA-464B-A3FF-BB8CD34BF352}
		{10282890-8F76-4AC9-A361-214535C47F0D} = {838374C4-B789-4D11-A034-3D4CBC134F7D}
		{9E05D837-AB23-44D9-8F89-631F2C2BBBD2} = {838374C4-B789-4D11-A034-3D4CBC134F7D}
		{B46926A9-E86C-41E6-B488-F117261E2BE9} = {63997FB7-AFB6-4C51-9C52-B215DDB48196}
		{4CC4504B-15B7-4BB0-9744-87A2D429D451} = {B46926A9-E86C-41E6-B488-F117261E2BE9}
		{BDDA109D-0222-45BD-87C3-BB9B939AED89} = {B46926A9-E86C-41E6-B488-F117261E2BE9}
		{A161D65C-E429-4535-BF93-61E77D15EE6E} = {B46926A9-E86C-41E6-B488-F117261E2BE9}
		{2E7D8824-609F-4D69-8A6D-1C3EB4481B49} = {B46926A9-E86C-41E6-B488-F117261E2BE9}
		{603A6FB9-68D4-4E0F-8DE4-E3EDA93E3735} = {BCD9FDF6-293C-40E9-B469-650A2FA62B12}
		{A80D72DD-65ED-4E97-A6C8-BF700F439212} = {BCD9FDF6-293C-40E9-B469-650A2FA62B12}
		{E13A6892-4D57-4A2A-8670-7B0D105018DC} = {BB8A883F-2E7A-42BB-99BE-D7DABA30552F}
		{882E2721-F229-46E9-8EFD-B4ADA83B6D3B} = {BB8A883F-2E7A-42BB-99BE-D7DABA30552F}
		{4E381201-4B81-4BC3-A553-318017C21622} = {22A2F250-2689-4648-B629-FB5DCD36AC53}
		{379D8CD9-6AD5-46B4-842B-02ABB5172B23} = {22A2F250-2689-4648-B629-FB5DCD36AC53}
		{2BBD3B48-C570-412E-9EB6-4D269535E6D5} = {CD6DBB2E-D2A3-4F7E-9854-4EE61C8A9897}
		{C5E4F41D-B81E-4E3B-A955-8477306E2A4C} = {CD6DBB2E-D2A3-4F7E-9854-4EE61C8A9897}
		{B640BF52-3CFE-4217-8955-59D87B02F586} = {CD6DBB2E-D2A3-4F7E-9854-4EE61C8A9897}
		{4FF52647-3602-4273-825A-A32A99BFDE90} = {CD6DBB2E-D2A3-4F7E-9854-4EE61C8A9897}
		{0B24AB02-CF3B-4E84-827A-DF5869AABD62} = {CD6DBB2E-D2A3-4F7E-9854-4EE61C8A9897}
		{793F137A-9963-4825-BE8C-39E50F9A9629} = {8A2C321B-15AD-4421-846E-730377E2EB05}
		{AB3F75AE-361F-46BA-A59D-B603E816AB13} = {8A2C321B-15AD-4421-846E-730377E2EB05}
		{8C3FABAE-1888-4F1A-A4E2-0A89644A2866} = {8A2C321B-15AD-4421-846E-730377E2EB05}
		{D73234BC-A3ED-408D-93BC-D8D08DE9C6C3} = {8A2C321B-15AD-4421-846E-730377E2EB05}
		{FC3D5390-7D50-43EF-A17D-B921CED4A36A} = {8A2C321B-15AD-4421-846E-730377E2EB05}
		{A47549B9-6C11-41F6-8BCF-251CBF51E609} = {8A2C321B-15AD-4421-846E-730377E2EB05}
		{220B7AE4-6883-4DDA-83A5-5E72271EB5E8} = {8A2C321B-15AD-4421-846E-730377E2EB05}
		{67EC5385-24CC-4451-9410-CDB2C9007C87} = {8A2C321B-15AD-4421-846E-730377E2EB05}
	EndGlobalSection
	GlobalSection(ExtensibilityGlobals) = postSolution
		EnterpriseLibraryConfigurationToolBinariesPath = packages\Unity.2.1.505.2\lib\NET35
	EndGlobalSection
EndGlobal
